# This file is autogenerated, do not edit; changes may be undone by the next 'dep ensure'.


[[projects]]
  name = "gopkg.in/fatih/set.v0"
  packages = ["."]
  revision = "57907de300222151a123d29255ed17f5ed43fad3"
  version = "v0.1.0"

[solve-meta]
  analyzer-name = "dep"
  analyzer-version = 1
  inputs-digest = "82ab1b8248838dd4915391f858f94d5e7682f04cdad521bcb9d777e3de12ab65"
  solver-name = "gps-cdcl"
  solver-version = 1
